// !$*UTF8*$!
{
	archiveVersion = 1;
	classes = {
	};
	objectVersion = 55;
	objects = {

/* Begin PBXBuildFile section */
		653FC06927747EAB008CAEE1 /* AppDelegate.swift in Sources */ = {isa = PBXBuildFile; fileRef = 653FC06827747EAB008CAEE1 /* AppDelegate.swift */; };
		653FC06B27747EAB008CAEE1 /* SceneDelegate.swift in Sources */ = {isa = PBXBuildFile; fileRef = 653FC06A27747EAB008CAEE1 /* SceneDelegate.swift */; };
		653FC07027747EAB008CAEE1 /* Main.storyboard in Resources */ = {isa = PBXBuildFile; fileRef = 653FC06E27747EAB008CAEE1 /* Main.storyboard */; };
		653FC07227747EB2008CAEE1 /* Assets.xcassets in Resources */ = {isa = PBXBuildFile; fileRef = 653FC07127747EB2008CAEE1 /* Assets.xcassets */; };
		653FC07527747EB2008CAEE1 /* LaunchScreen.storyboard in Resources */ = {isa = PBXBuildFile; fileRef = 653FC07327747EB2008CAEE1 /* LaunchScreen.storyboard */; };
		653FC07D2774DD9A008CAEE1 /* PhotoWallCollectionViewController.swift in Sources */ = {isa = PBXBuildFile; fileRef = 653FC07C2774DD9A008CAEE1 /* PhotoWallCollectionViewController.swift */; };
		653FC07F2774DE13008CAEE1 /* PhotoCollectionViewCell.swift in Sources */ = {isa = PBXBuildFile; fileRef = 653FC07E2774DE13008CAEE1 /* PhotoCollectionViewCell.swift */; };
		653FC0812774DF4F008CAEE1 /* PhotoResponse.swift in Sources */ = {isa = PBXBuildFile; fileRef = 653FC0802774DF4F008CAEE1 /* PhotoResponse.swift */; };
		653FC0842774E570008CAEE1 /* Kingfisher in Frameworks */ = {isa = PBXBuildFile; productRef = 653FC0832774E570008CAEE1 /* Kingfisher */; };
		653FC08A2775B5DA008CAEE1 /* BigPhotoViewController.swift in Sources */ = {isa = PBXBuildFile; fileRef = 653FC0892775B5DA008CAEE1 /* BigPhotoViewController.swift */; };
/* End PBXBuildFile section */

/* Begin PBXFileReference section */
		653FC06527747EAB008CAEE1 /* GridPhotoWall.app */ = {isa = PBXFileReference; explicitFileType = wrapper.application; includeInIndex = 0; path = GridPhotoWall.app; sourceTree = BUILT_PRODUCTS_DIR; };
		653FC06827747EAB008CAEE1 /* AppDelegate.swift */ = {isa = PBXFileReference; lastKnownFileType = sourcecode.swift; path = AppDelegate.swift; sourceTree = "<group>"; };
		653FC06A27747EAB008CAEE1 /* SceneDelegate.swift */ = {isa = PBXFileReference; lastKnownFileType = sourcecode.swift; path = SceneDelegate.swift; sourceTree = "<group>"; };
		653FC06F27747EAB008CAEE1 /* Base */ = {isa = PBXFileReference; lastKnownFileType = file.storyboard; name = Base; path = Base.lproj/Main.storyboard; sourceTree = "<group>"; };
		653FC07127747EB2008CAEE1 /* Assets.xcassets */ = {isa = PBXFileReference; lastKnownFileType = folder.assetcatalog; path = Assets.xcassets; sourceTree = "<group>"; };
		653FC07427747EB2008CAEE1 /* Base */ = {isa = PBXFileReference; lastKnownFileType = file.storyboard; name = Base; path = Base.lproj/LaunchScreen.storyboard; sourceTree = "<group>"; };
		653FC07627747EB2008CAEE1 /* Info.plist */ = {isa = PBXFileReference; lastKnownFileType = text.plist.xml; path = Info.plist; sourceTree = "<group>"; };
		653FC07C2774DD9A008CAEE1 /* PhotoWallCollectionViewController.swift */ = {isa = PBXFileReference; lastKnownFileType = sourcecode.swift; path = PhotoWallCollectionViewController.swift; sourceTree = "<group>"; };
		653FC07E2774DE13008CAEE1 /* PhotoCollectionViewCell.swift */ = {isa = PBXFileReference; lastKnownFileType = sourcecode.swift; path = PhotoCollectionViewCell.swift; sourceTree = "<group>"; };
		653FC0802774DF4F008CAEE1 /* PhotoResponse.swift */ = {isa = PBXFileReference; lastKnownFileType = sourcecode.swift; path = PhotoResponse.swift; sourceTree = "<group>"; };
		653FC0892775B5DA008CAEE1 /* BigPhotoViewController.swift */ = {isa = PBXFileReference; lastKnownFileType = sourcecode.swift; path = BigPhotoViewController.swift; sourceTree = "<group>"; };
/* End PBXFileReference section */

/* Begin PBXFrameworksBuildPhase section */
		653FC06227747EAB008CAEE1 /* Frameworks */ = {
			isa = PBXFrameworksBuildPhase;
			buildActionMask = 2147483647;
			files = (
				653FC0842774E570008CAEE1 /* Kingfisher in Frameworks */,
			);
			runOnlyForDeploymentPostprocessing = 0;
		};
/* End PBXFrameworksBuildPhase section */

/* Begin PBXGroup section */
		653FC05C27747EAB008CAEE1 = {
			isa = PBXGroup;
			children = (
				653FC06727747EAB008CAEE1 /* GridPhotoWall */,
				653FC06627747EAB008CAEE1 /* Products */,
			);
			sourceTree = "<group>";
		};
		653FC06627747EAB008CAEE1 /* Products */ = {
			isa = PBXGroup;
			children = (
				653FC06527747EAB008CAEE1 /* GridPhotoWall.app */,
			);
			name = Products;
			sourceTree = "<group>";
		};
		653FC06727747EAB008CAEE1 /* GridPhotoWall */ = {
			isa = PBXGroup;
			children = (
				653FC0892775B5DA008CAEE1 /* BigPhotoViewController.swift */,
				653FC06827747EAB008CAEE1 /* AppDelegate.swift */,
				653FC06A27747EAB008CAEE1 /* SceneDelegate.swift */,
				653FC06E27747EAB008CAEE1 /* Main.storyboard */,
				653FC07E2774DE13008CAEE1 /* PhotoCollectionViewCell.swift */,
				653FC07C2774DD9A008CAEE1 /* PhotoWallCollectionViewController.swift */,
				653FC0802774DF4F008CAEE1 /* PhotoResponse.swift */,
				653FC07127747EB2008CAEE1 /* Assets.xcassets */,
				653FC07327747EB2008CAEE1 /* LaunchScreen.storyboard */,
				653FC07627747EB2008CAEE1 /* Info.plist */,
			);
			path = GridPhotoWall;
			sourceTree = "<group>";
		};
/* End PBXGroup section */

/* Begin PBXNativeTarget section */
		653FC06427747EAB008CAEE1 /* GridPhotoWall */ = {
			isa = PBXNativeTarget;
			buildConfigurationList = 653FC07927747EB2008CAEE1 /* Build configuration list for PBXNativeTarget "GridPhotoWall" */;
			buildPhases = (
				653FC06127747EAB008CAEE1 /* Sources */,
				653FC06227747EAB008CAEE1 /* Frameworks */,
				653FC06327747EAB008CAEE1 /* Resources */,
			);
			buildRules = (
			);
			dependencies = (
			);
			name = GridPhotoWall;
			packageProductDependencies = (
				653FC0832774E570008CAEE1 /* Kingfisher */,
			);
			productName = GridPhotoWall;
			productReference = 653FC06527747EAB008CAEE1 /* GridPhotoWall.app */;
			productType = "com.apple.product-type.application";
		};
/* End PBXNativeTarget section */

/* Begin PBXProject section */
		653FC05D27747EAB008CAEE1 /* Project object */ = {
			isa = PBXProject;
			attributes = {
				BuildIndependentTargetsInParallel = 1;
				LastSwiftUpdateCheck = 1310;
				LastUpgradeCheck = 1310;
				TargetAttributes = {
					653FC06427747EAB008CAEE1 = {
						CreatedOnToolsVersion = 13.1;
					};
				};
			};
			buildConfigurationList = 653FC06027747EAB008CAEE1 /* Build configuration list for PBXProject "GridPhotoWall" */;
			compatibilityVersion = "Xcode 13.0";
			developmentRegion = en;
			hasScannedForEncodings = 0;
			knownRegions = (
				en,
				Base,
			);
			mainGroup = 653FC05C27747EAB008CAEE1;
			packageReferences = (
				653FC0822774E570008CAEE1 /* XCRemoteSwiftPackageReference "Kingfisher" */,
			);
			productRefGroup = 653FC06627747EAB008CAEE1 /* Products */;
			projectDirPath = "";
			projectRoot = "";
			targets = (
				653FC06427747EAB008CAEE1 /* GridPhotoWall */,
			);
		};
/* End PBXProject section */

/* Begin PBXResourcesBuildPhase section */
		653FC06327747EAB008CAEE1 /* Resources */ = {
			isa = PBXResourcesBuildPhase;
			buildActionMask = 2147483647;
			files = (
				653FC07527747EB2008CAEE1 /* LaunchScreen.storyboard in Resources */,
				653FC07227747EB2008CAEE1 /* Assets.xcassets in Resources */,
				653FC07027747EAB008CAEE1 /* Main.storyboard in Resources */,
			);
			runOnlyForDeploymentPostprocessing = 0;
		};
/* End PBXResourcesBuildPhase section */

/* Begin PBXSourcesBuildPhase section */
		653FC06127747EAB008CAEE1 /* Sources */ = {
			isa = PBXSourcesBuildPhase;
			buildActionMask = 2147483647;
			files = (
				653FC08A2775B5DA008CAEE1 /* BigPhotoViewController.swift in Sources */,
				653FC07D2774DD9A008CAEE1 /* PhotoWallCollectionViewController.swift in Sources */,
				653FC07F2774DE13008CAEE1 /* PhotoCollectionViewCell.swift in Sources */,
				653FC0812774DF4F008CAEE1 /* PhotoResponse.swift in Sources */,
				653FC06927747EAB008CAEE1 /* AppDelegate.swift in Sources */,
				653FC06B27747EAB008CAEE1 /* SceneDelegate.swift in Sources */,
			);
			runOnlyForDeploymentPostprocessing = 0;
		};
/* End PBXSourcesBuildPhase section */

/* Begin PBXVariantGroup section */
		653FC06E27747EAB008CAEE1 /* Main.storyboard */ = {
			isa = PBXVariantGroup;
			children = (
				653FC06F27747EAB008CAEE1 /* Base */,
			);
			name = Main.storyboard;
			sourceTree = "<group>";
		};
		653FC07327747EB2008CAEE1 /* LaunchScreen.storyboard */ = {
			isa = PBXVariantGroup;
			children = (
				653FC07427747EB2008CAEE1 /* Base */,
			);
			name = LaunchScreen.storyboard;
			sourceTree = "<group>";
		};
/* End PBXVariantGroup section */

/* Begin XCBuildConfiguration section */
		653FC07727747EB2008CAEE1 /* Debug */ = {
			isa = XCBuildConfiguration;
			buildSettings = {
				ALWAYS_SEARCH_USER_PATHS = NO;
				CLANG_ANALYZER_NONNULL = YES;
				CLANG_ANALYZER_NUMBER_OBJECT_CONVERSION = YES_AGGRESSIVE;
				CLANG_CXX_LANGUAGE_STANDARD = "gnu++17";
				CLANG_CXX_LIBRARY = "libc++";
				CLANG_ENABLE_MODULES = YES;
				CLANG_ENABLE_OBJC_ARC = YES;
				CLANG_ENABLE_OBJC_WEAK = YES;
				CLANG_WARN_BLOCK_CAPTURE_AUTORELEASING = YES;
				CLANG_WARN_BOOL_CONVERSION = YES;
				CLANG_WARN_COMMA = YES;
				CLANG_WARN_CONSTANT_CONVERSION = YES;
				CLANG_WARN_DEPRECATED_OBJC_IMPLEMENTATIONS = YES;
				CLANG_WARN_DIRECT_OBJC_ISA_USAGE = YES_ERROR;
				CLANG_WARN_DOCUMENTATION_COMMENTS = YES;
				CLANG_WARN_EMPTY_BODY = YES;
				CLANG_WARN_ENUM_CONVERSION = YES;
				CLANG_WARN_INFINITE_RECURSION = YES;
				CLANG_WARN_INT_CONVERSION = YES;
				CLANG_WARN_NON_LITERAL_NULL_CONVERSION = YES;
				CLANG_WARN_OBJC_IMPLICIT_RETAIN_SELF = YES;
				CLANG_WARN_OBJC_LITERAL_CONVERSION = YES;
				CLANG_WARN_OBJC_ROOT_CLASS = YES_ERROR;
				CLANG_WARN_QUOTED_INCLUDE_IN_FRAMEWORK_HEADER = YES;
				CLANG_WARN_RANGE_LOOP_ANALYSIS = YES;
				CLANG_WARN_STRICT_PROTOTYPES = YES;
				CLANG_WARN_SUSPICIOUS_MOVE = YES;
				CLANG_WARN_UNGUARDED_AVAILABILITY = YES_AGGRESSIVE;
				CLANG_WARN_UNREACHABLE_CODE = YES;
				CLANG_WARN__DUPLICATE_METHOD_MATCH = YES;
				COPY_PHASE_STRIP = NO;
				DEBUG_INFORMATION_FORMAT = dwarf;
				ENABLE_STRICT_OBJC_MSGSEND = YES;
				ENABLE_TESTABILITY = YES;
				GCC_C_LANGUAGE_STANDARD = gnu11;
				GCC_DYNAMIC_NO_PIC = NO;
				GCC_NO_COMMON_BLOCKS = YES;
				GCC_OPTIMIZATION_LEVEL = 0;
				GCC_PREPROCESSOR_DEFINITIONS = (
					"DEBUG=1",
					"$(inherited)",
				);
				GCC_WARN_64_TO_32_BIT_CONVERSION = YES;
				GCC_WARN_ABOUT_RETURN_TYPE = YES_ERROR;
				GCC_WARN_UNDECLARED_SELECTOR = YES;
				GCC_WARN_UNINITIALIZED_AUTOS = YES_AGGRESSIVE;
				GCC_WARN_UNUSED_FUNCTION = YES;
				GCC_WARN_UNUSED_VARIABLE = YES;
				IPHONEOS_DEPLOYMENT_TARGET = 15.0;
				MTL_ENABLE_DEBUG_INFO = INCLUDE_SOURCE;
				MTL_FAST_MATH = YES;
				ONLY_ACTIVE_ARCH = YES;
				SDKROOT = iphoneos;
				SWIFT_ACTIVE_COMPILATION_CONDITIONS = DEBUG;
				SWIFT_OPTIMIZATION_LEVEL = "-Onone";
			};
			name = Debug;
		};
		653FC07827747EB2008CAEE1 /* Release */ = {
			isa = XCBuildConfiguration;
			buildSettings = {
				ALWAYS_SEARCH_USER_PATHS = NO;
				CLANG_ANALYZER_NONNULL = YES;
				CLANG_ANALYZER_NUMBER_OBJECT_CONVERSION = YES_AGGRESSIVE;
				CLANG_CXX_LANGUAGE_STANDARD = "gnu++17";
				CLANG_CXX_LIBRARY = "libc++";
				CLANG_ENABLE_MODULES = YES;
				CLANG_ENABLE_OBJC_ARC = YES;
				CLANG_ENABLE_OBJC_WEAK = YES;
				CLANG_WARN_BLOCK_CAPTURE_AUTORELEASING = YES;
				CLANG_WARN_BOOL_CONVERSION = YES;
				CLANG_WARN_COMMA = YES;
				CLANG_WARN_CONSTANT_CONVERSION = YES;
				CLANG_WARN_DEPRECATED_OBJC_IMPLEMENTATIONS = YES;
				CLANG_WARN_DIRECT_OBJC_ISA_USAGE = YES_ERROR;
				CLANG_WARN_DOCUMENTATION_COMMENTS = YES;
				CLANG_WARN_EMPTY_BODY = YES;
				CLANG_WARN_ENUM_CONVERSION = YES;
				CLANG_WARN_INFINITE_RECURSION = YES;
				CLANG_WARN_INT_CONVERSION = YES;
				CLANG_WARN_NON_LITERAL_NULL_CONVERSION = YES;
				CLANG_WARN_OBJC_IMPLICIT_RETAIN_SELF = YES;
				CLANG_WARN_OBJC_LITERAL_CONVERSION = YES;
				CLANG_WARN_OBJC_ROOT_CLASS = YES_ERROR;
				CLANG_WARN_QUOTED_INCLUDE_IN_FRAMEWORK_HEADER = YES;
				CLANG_WARN_RANGE_LOOP_ANALYSIS = YES;
				CLANG_WARN_STRICT_PROTOTYPES = YES;
				CLANG_WARN_SUSPICIOUS_MOVE = YES;
				CLANG_WARN_UNGUARDED_AVAILABILITY = YES_AGGRESSIVE;
				CLANG_WARN_UNREACHABLE_CODE = YES;
				CLANG_WARN__DUPLICATE_METHOD_MATCH = YES;
				COPY_PHASE_STRIP = NO;
				DEBUG_INFORMATION_FORMAT = "dwarf-with-dsym";
				ENABLE_NS_ASSERTIONS = NO;
				ENABLE_STRICT_OBJC_MSGSEND = YES;
				GCC_C_LANGUAGE_STANDARD = gnu11;
				GCC_NO_COMMON_BLOCKS = YES;
				GCC_WARN_64_TO_32_BIT_CONVERSION = YES;
				GCC_WARN_ABOUT_RETURN_TYPE = YES_ERROR;
				GCC_WARN_UNDECLARED_SELECTOR = YES;
				GCC_WARN_UNINITIALIZED_AUTOS = YES_AGGRESSIVE;
				GCC_WARN_UNUSED_FUNCTION = YES;
				GCC_WARN_UNUSED_VARIABLE = YES;
				IPHONEOS_DEPLOYMENT_TARGET = 15.0;
				MTL_ENABLE_DEBUG_INFO = NO;
				MTL_FAST_MATH = YES;
				SDKROOT = iphoneos;
				SWIFT_COMPILATION_MODE = wholemodule;
				SWIFT_OPTIMIZATION_LEVEL = "-O";
				VALIDATE_PRODUCT = YES;
			};
			name = Release;
		};
		653FC07A27747EB2008CAEE1 /* Debug */ = {
			isa = XCBuildConfiguration;
			buildSettings = {
				ASSETCATALOG_COMPILER_APPICON_NAME = AppIcon;
				ASSETCATALOG_COMPILER_GLOBAL_ACCENT_COLOR_NAME = AccentColor;
				CODE_SIGN_STYLE = Automatic;
				CURRENT_PROJECT_VERSION = 1;
				DEVELOPMENT_TEAM = M7VYBSBW34;
				GENERATE_INFOPLIST_FILE = YES;
				INFOPLIST_FILE = GridPhotoWall/Info.plist;
				INFOPLIST_KEY_UIApplicationSupportsIndirectInputEvents = YES;
				INFOPLIST_KEY_UILaunchStoryboardName = LaunchScreen;
				INFOPLIST_KEY_UIMainStoryboardFile = Main;
				INFOPLIST_KEY_UISupportedInterfaceOrientations_iPad = "UIInterfaceOrientationPortrait UIInterfaceOrientationPortraitUpsideDown UIInterfaceOrientationLandscapeLeft UIInterfaceOrientationLandscapeRight";
				INFOPLIST_KEY_UISupportedInterfaceOrientations_iPhone = "UIInterfaceOrientationPortrait UIInterfaceOrientationLandscapeLeft UIInterfaceOrientationLandscapeRight";
				LD_RUNPATH_SEARCH_PATHS = (
					"$(inherited)",
					"@executable_path/Frameworks",
				);
				MARKETING_VERSION = 1.0;
				PRODUCT_BUNDLE_IDENTIFIER = com.Tommy.GridPhotoWall;
				PRODUCT_NAME = "$(TARGET_NAME)";
				SWIFT_EMIT_LOC_STRINGS = YES;
				SWIFT_VERSION = 5.0;
				TARGETED_DEVICE_FAMILY = "1,2";
			};
			name = Debug;
		};
		653FC07B27747EB2008CAEE1 /* Release */ = {
			isa = XCBuildConfiguration;
			buildSettings = {
				ASSETCATALOG_COMPILER_APPICON_NAME = AppIcon;
				ASSETCATALOG_COMPILER_GLOBAL_ACCENT_COLOR_NAME = AccentColor;
				CODE_SIGN_STYLE = Automatic;
				CURRENT_PROJECT_VERSION = 1;
				DEVELOPMENT_TEAM = M7VYBSBW34;
				GENERATE_INFOPLIST_FILE = YES;
				INFOPLIST_FILE = GridPhotoWall/Info.plist;
				INFOPLIST_KEY_UIApplicationSupportsIndirectInputEvents = YES;
				INFOPLIST_KEY_UILaunchStoryboardName = LaunchScreen;
				INFOPLIST_KEY_UIMainStoryboardFile = Main;
				INFOPLIST_KEY_UISupportedInterfaceOrientations_iPad = "UIInterfaceOrientationPortrait UIInterfaceOrientationPortraitUpsideDown UIInterfaceOrientationLandscapeLeft UIInterfaceOrientationLandscapeRight";
				INFOPLIST_KEY_UISupportedInterfaceOrientations_iPhone = "UIInterfaceOrientationPortrait UIInterfaceOrientationLandscapeLeft UIInterfaceOrientationLandscapeRight";
				LD_RUNPATH_SEARCH_PATHS = (
					"$(inherited)",
					"@executable_path/Frameworks",
				);
				MARKETING_VERSION = 1.0;
				PRODUCT_BUNDLE_IDENTIFIER = com.Tommy.GridPhotoWall;
				PRODUCT_NAME = "$(TARGET_NAME)";
				SWIFT_EMIT_LOC_STRINGS = YES;
				SWIFT_VERSION = 5.0;
				TARGETED_DEVICE_FAMILY = "1,2";
			};
			name = Release;
		};
/* End XCBuildConfiguration section */

/* Begin XCConfigurationList section */
		653FC06027747EAB008CAEE1 /* Build configuration list for PBXProject "GridPhotoWall" */ = {
			isa = XCConfigurationList;
			buildConfigurations = (
				653FC07727747EB2008CAEE1 /* Debug */,
				653FC07827747EB2008CAEE1 /* Release */,
			);
			defaultConfigurationIsVisible = 0;
			defaultConfigurationName = Release;
		};
		653FC07927747EB2008CAEE1 /* Build configuration list for PBXNativeTarget "GridPhotoWall" */ = {
			isa = XCConfigurationList;
			buildConfigurations = (
				653FC07A27747EB2008CAEE1 /* Debug */,
				653FC07B27747EB2008CAEE1 /* Release */,
			);
			defaultConfigurationIsVisible = 0;
			defaultConfigurationName = Release;
		};
/* End XCConfigurationList section */

/* Begin XCRemoteSwiftPackageReference section */
		653FC0822774E570008CAEE1 /* XCRemoteSwiftPackageReference "Kingfisher" */ = {
			isa = XCRemoteSwiftPackageReference;
			repositoryURL = "https://github.com/onevcat/Kingfisher";
			requirement = {
				kind = upToNextMinorVersion;
				minimumVersion = 7.1.0;
			};
		};
/* End XCRemoteSwiftPackageReference section */

/* Begin XCSwiftPackageProductDependency section */
		653FC0832774E570008CAEE1 /* Kingfisher */ = {
			isa = XCSwiftPackageProductDependency;
			package = 653FC0822774E570008CAEE1 /* XCRemoteSwiftPackageReference "Kingfisher" */;
			productName = Kingfisher;
		};
/* End XCSwiftPackageProductDependency section */
	};
	rootObject = 653FC05D27747EAB008CAEE1 /* Project object */;
}
